
Microsoft Visual Studio Solution File, Format Version 12.00
# Visual Studio Version 17
VisualStudioVersion = 17.0.32014.148
MinimumVisualStudioVersion = 10.0.40219.1
Project("{FAE04EC0-301F-11D3-BF4B-00C04F79EFBC}") = "AppCenterBuild", "AppCenterBuild.csproj", "{9863F328-97B0-435F-B995-C94E34EF4E3B}"
EndProject
Global
	GlobalSection(SolutionConfigurationPlatforms) = preSolution
		Debug|Any CPU = Debug|Any CPU
		Release|Any CPU = Release|Any CPU
	EndGlobalSection
	GlobalSection(ProjectConfigurationPlatforms) = postSolution
		{9863F328-97B0-435F-B995-C94E34EF4E3B}.Debug|Any CPU.ActiveCfg = Debug|Any CPU
		{9863F328-97B0-435F-B995-C94E34EF4E3B}.Debug|Any CPU.Build.0 = Debug|Any CPU
		{9863F328-97B0-435F-B995-C94E34EF4E3B}.Release|Any CPU.ActiveCfg = Release|Any CPU
		{9863F328-97B0-435F-B995-C94E34EF4E3B}.Release|Any CPU.Build.0 = Release|Any CPU
	EndGlobalSection
	GlobalSection(SolutionProperties) = preSolution
		HideSolutionNode = FALSE
	EndGlobalSection
	GlobalSection(ExtensibilityGlobals) = postSolution
		SolutionGuid = {F6F015FB-D902-4139-8191-D4724B85D559}
	EndGlobalSection
EndGlobal
